
Microsoft Visual Studio Solution File, Format Version 12.00
# Visual Studio 15
VisualStudioVersion = 15.0.28307.168
MinimumVisualStudioVersion = 10.0.40219.1
Project("{FAE04EC0-301F-11D3-BF4B-00C04F79EFBC}") = "my-gantt", "my-gantt\my-gantt.csproj", "{14876C58-3FBF-47DE-BD58-803B101A2021}"
EndProject
Global
	GlobalSection(SolutionConfigurationPlatforms) = preSolution
		Debug|Any CPU = Debug|Any CPU
		Release|Any CPU = Release|Any CPU
	EndGlobalSection
	GlobalSection(ProjectConfigurationPlatforms) = postSolution
		{14876C58-3FBF-47DE-BD58-803B101A2021}.Debug|Any CPU.ActiveCfg = Debug|Any CPU
		{14876C58-3FBF-47DE-BD58-803B101A2021}.Debug|Any CPU.Build.0 = Debug|Any CPU
		{14876C58-3FBF-47DE-BD58-803B101A2021}.Release|Any CPU.ActiveCfg = Release|Any CPU
		{14876C58-3FBF-47DE-BD58-803B101A2021}.Release|Any CPU.Build.0 = Release|Any CPU
	EndGlobalSection
	GlobalSection(SolutionProperties) = preSolution
		HideSolutionNode = FALSE
	EndGlobalSection
	GlobalSection(ExtensibilityGlobals) = postSolution
		SolutionGuid = {CCF77D21-EDC3-424E-B2AA-7DFC4045FDB7}
	EndGlobalSection
EndGlobal
